
Microsoft Visual Studio Solution File, Format Version 12.00
# Visual Studio 2013
VisualStudioVersion = 12.0.21005.1
MinimumVisualStudioVersion = 10.0.40219.1
Project("{FAE04EC0-301F-11D3-BF4B-00C04F79EFBC}") = "SimpleEntity", "SimpleEntity\SimpleEntity.csproj", "{C9F66AFB-88A5-46BE-A644-00945C7122A2}"
EndProject
Project("{FAE04EC0-301F-11D3-BF4B-00C04F79EFBC}") = "Demo", "Demo\Demo.csproj", "{BEEB3622-3AEB-4EC5-884F-CECC59C7B398}"
EndProject
Global
	GlobalSection(SolutionConfigurationPlatforms) = preSolution
		Debug|Any CPU = Debug|Any CPU
		Release|Any CPU = Release|Any CPU
	EndGlobalSection
	GlobalSection(ProjectConfigurationPlatforms) = postSolution
		{C9F66AFB-88A5-46BE-A644-00945C7122A2}.Debug|Any CPU.ActiveCfg = Debug|Any CPU
		{C9F66AFB-88A5-46BE-A644-00945C7122A2}.Debug|Any CPU.Build.0 = Debug|Any CPU
		{C9F66AFB-88A5-46BE-A644-00945C7122A2}.Release|Any CPU.ActiveCfg = Release|Any CPU
		{C9F66AFB-88A5-46BE-A644-00945C7122A2}.Release|Any CPU.Build.0 = Release|Any CPU
		{BEEB3622-3AEB-4EC5-884F-CECC59C7B398}.Debug|Any CPU.ActiveCfg = Debug|Any CPU
		{BEEB3622-3AEB-4EC5-884F-CECC59C7B398}.Debug|Any CPU.Build.0 = Debug|Any CPU
		{BEEB3622-3AEB-4EC5-884F-CECC59C7B398}.Release|Any CPU.ActiveCfg = Release|Any CPU
		{BEEB3622-3AEB-4EC5-884F-CECC59C7B398}.Release|Any CPU.Build.0 = Release|Any CPU
	EndGlobalSection
	GlobalSection(SolutionProperties) = preSolution
		HideSolutionNode = FALSE
	EndGlobalSection
EndGlobal
